
Microsoft Visual Studio Solution File, Format Version 12.00
Project("{FAE04EC0-301F-11D3-BF4B-00C04F79EFBC}") = "Backend", "Backend\Backend.csproj", "{16B9EF13-E729-4880-9109-AABE12F4BDA1}"
EndProject
Global
	GlobalSection(SolutionConfigurationPlatforms) = preSolution
		Debug|Any CPU = Debug|Any CPU
		Release|Any CPU = Release|Any CPU
	EndGlobalSection
	GlobalSection(ProjectConfigurationPlatforms) = postSolution
		{16B9EF13-E729-4880-9109-AABE12F4BDA1}.Debug|Any CPU.ActiveCfg = Debug|Any CPU
		{16B9EF13-E729-4880-9109-AABE12F4BDA1}.Debug|Any CPU.Build.0 = Debug|Any CPU
		{16B9EF13-E729-4880-9109-AABE12F4BDA1}.Release|Any CPU.ActiveCfg = Release|Any CPU
		{16B9EF13-E729-4880-9109-AABE12F4BDA1}.Release|Any CPU.Build.0 = Release|Any CPU
	EndGlobalSection
EndGlobal
